
Microsoft Visual Studio Solution File, Format Version 12.00
# Visual Studio Version 16
VisualStudioVersion = 16.0.31624.102
MinimumVisualStudioVersion = 10.0.40219.1
Project("{FAE04EC0-301F-11D3-BF4B-00C04F79EFBC}") = "EllesVariableProject", "EllesVariableProject\EllesVariableProject.csproj", "{8863A61F-F0EB-4CC0-9AC3-BE9614176808}"
EndProject
Global
	GlobalSection(SolutionConfigurationPlatforms) = preSolution
		Debug|Any CPU = Debug|Any CPU
		Release|Any CPU = Release|Any CPU
	EndGlobalSection
	GlobalSection(ProjectConfigurationPlatforms) = postSolution
		{8863A61F-F0EB-4CC0-9AC3-BE9614176808}.Debug|Any CPU.ActiveCfg = Debug|Any CPU
		{8863A61F-F0EB-4CC0-9AC3-BE9614176808}.Debug|Any CPU.Build.0 = Debug|Any CPU
		{8863A61F-F0EB-4CC0-9AC3-BE9614176808}.Release|Any CPU.ActiveCfg = Release|Any CPU
		{8863A61F-F0EB-4CC0-9AC3-BE9614176808}.Release|Any CPU.Build.0 = Release|Any CPU
	EndGlobalSection
	GlobalSection(SolutionProperties) = preSolution
		HideSolutionNode = FALSE
	EndGlobalSection
	GlobalSection(ExtensibilityGlobals) = postSolution
		SolutionGuid = {01E19F14-2D32-43D2-9C10-F8BFF800783E}
	EndGlobalSection
EndGlobal
